
Microsoft Visual Studio Solution File, Format Version 12.00
# Visual Studio 15
VisualStudioVersion = 15.0.26730.12
MinimumVisualStudioVersion = 10.0.40219.1
Project("{FAE04EC0-301F-11D3-BF4B-00C04F79EFBC}") = "Task1", "Task1\Task1.csproj", "{23AD9B40-0644-4A4A-8213-D99725064503}"
EndProject
Project("{FAE04EC0-301F-11D3-BF4B-00C04F79EFBC}") = "CheckErrorLibrary", "ClassLibrary1\CheckErrorLibrary.csproj", "{150BAB88-4FA1-4065-A5E1-215E34EF987F}"
EndProject
Project("{FAE04EC0-301F-11D3-BF4B-00C04F79EFBC}") = "Task 2", "Task 2\Task 2.csproj", "{FF36DFD1-219C-4060-AD3F-B7D3255D7849}"
EndProject
Project("{FAE04EC0-301F-11D3-BF4B-00C04F79EFBC}") = "Task 3", "Task 3\Task 3.csproj", "{88648D95-9620-40E9-AAD4-198E28A57AC7}"
EndProject
Project("{FAE04EC0-301F-11D3-BF4B-00C04F79EFBC}") = "Task 4", "Task 4\Task 4.csproj", "{65E071A0-2A2F-4DEE-8502-A1AAADF17BDF}"
EndProject
Project("{FAE04EC0-301F-11D3-BF4B-00C04F79EFBC}") = "Task 5", "Task 5\Task 5.csproj", "{74639AE8-B9DA-471B-9DA9-AEF8FC12A092}"
EndProject
Project("{FAE04EC0-301F-11D3-BF4B-00C04F79EFBC}") = "Task 6", "Task 6\Task 6.csproj", "{68D4FB4B-74FF-43B6-9948-678F45288A6A}"
EndProject
Project("{FAE04EC0-301F-11D3-BF4B-00C04F79EFBC}") = "Task 7", "Task 7\Task 7.csproj", "{0E4D5CE8-7BB6-4EBF-8DF0-61537F46547C}"
EndProject
Global
	GlobalSection(SolutionConfigurationPlatforms) = preSolution
		Debug|Any CPU = Debug|Any CPU
		Release|Any CPU = Release|Any CPU
	EndGlobalSection
	GlobalSection(ProjectConfigurationPlatforms) = postSolution
		{23AD9B40-0644-4A4A-8213-D99725064503}.Debug|Any CPU.ActiveCfg = Debug|Any CPU
		{23AD9B40-0644-4A4A-8213-D99725064503}.Debug|Any CPU.Build.0 = Debug|Any CPU
		{23AD9B40-0644-4A4A-8213-D99725064503}.Release|Any CPU.ActiveCfg = Release|Any CPU
		{23AD9B40-0644-4A4A-8213-D99725064503}.Release|Any CPU.Build.0 = Release|Any CPU
		{150BAB88-4FA1-4065-A5E1-215E34EF987F}.Debug|Any CPU.ActiveCfg = Debug|Any CPU
		{150BAB88-4FA1-4065-A5E1-215E34EF987F}.Debug|Any CPU.Build.0 = Debug|Any CPU
		{150BAB88-4FA1-4065-A5E1-215E34EF987F}.Release|Any CPU.ActiveCfg = Release|Any CPU
		{150BAB88-4FA1-4065-A5E1-215E34EF987F}.Release|Any CPU.Build.0 = Release|Any CPU
		{FF36DFD1-219C-4060-AD3F-B7D3255D7849}.Debug|Any CPU.ActiveCfg = Debug|Any CPU
		{FF36DFD1-219C-4060-AD3F-B7D3255D7849}.Debug|Any CPU.Build.0 = Debug|Any CPU
		{FF36DFD1-219C-4060-AD3F-B7D3255D7849}.Release|Any CPU.ActiveCfg = Release|Any CPU
		{FF36DFD1-219C-4060-AD3F-B7D3255D7849}.Release|Any CPU.Build.0 = Release|Any CPU
		{88648D95-9620-40E9-AAD4-198E28A57AC7}.Debug|Any CPU.ActiveCfg = Debug|Any CPU
		{88648D95-9620-40E9-AAD4-198E28A57AC7}.Debug|Any CPU.Build.0 = Debug|Any CPU
		{88648D95-9620-40E9-AAD4-198E28A57AC7}.Release|Any CPU.ActiveCfg = Release|Any CPU
		{88648D95-9620-40E9-AAD4-198E28A57AC7}.Release|Any CPU.Build.0 = Release|Any CPU
		{65E071A0-2A2F-4DEE-8502-A1AAADF17BDF}.Debug|Any CPU.ActiveCfg = Debug|Any CPU
		{65E071A0-2A2F-4DEE-8502-A1AAADF17BDF}.Debug|Any CPU.Build.0 = Debug|Any CPU
		{65E071A0-2A2F-4DEE-8502-A1AAADF17BDF}.Release|Any CPU.ActiveCfg = Release|Any CPU
		{65E071A0-2A2F-4DEE-8502-A1AAADF17BDF}.Release|Any CPU.Build.0 = Release|Any CPU
		{74639AE8-B9DA-471B-9DA9-AEF8FC12A092}.Debug|Any CPU.ActiveCfg = Debug|Any CPU
		{74639AE8-B9DA-471B-9DA9-AEF8FC12A092}.Debug|Any CPU.Build.0 = Debug|Any CPU
		{74639AE8-B9DA-471B-9DA9-AEF8FC12A092}.Release|Any CPU.ActiveCfg = Release|Any CPU
		{74639AE8-B9DA-471B-9DA9-AEF8FC12A092}.Release|Any CPU.Build.0 = Release|Any CPU
		{68D4FB4B-74FF-43B6-9948-678F45288A6A}.Debug|Any CPU.ActiveCfg = Debug|Any CPU
		{68D4FB4B-74FF-43B6-9948-678F45288A6A}.Debug|Any CPU.Build.0 = Debug|Any CPU
		{68D4FB4B-74FF-43B6-9948-678F45288A6A}.Release|Any CPU.ActiveCfg = Release|Any CPU
		{68D4FB4B-74FF-43B6-9948-678F45288A6A}.Release|Any CPU.Build.0 = Release|Any CPU
		{0E4D5CE8-7BB6-4EBF-8DF0-61537F46547C}.Debug|Any CPU.ActiveCfg = Debug|Any CPU
		{0E4D5CE8-7BB6-4EBF-8DF0-61537F46547C}.Debug|Any CPU.Build.0 = Debug|Any CPU
		{0E4D5CE8-7BB6-4EBF-8DF0-61537F46547C}.Release|Any CPU.ActiveCfg = Release|Any CPU
		{0E4D5CE8-7BB6-4EBF-8DF0-61537F46547C}.Release|Any CPU.Build.0 = Release|Any CPU
	EndGlobalSection
	GlobalSection(SolutionProperties) = preSolution
		HideSolutionNode = FALSE
	EndGlobalSection
	GlobalSection(ExtensibilityGlobals) = postSolution
		SolutionGuid = {42806CEC-750C-4396-8EF1-F659122F6189}
	EndGlobalSection
EndGlobal
