
Microsoft Visual Studio Solution File, Format Version 12.00
# Visual Studio 15
VisualStudioVersion = 15.0.26730.12
MinimumVisualStudioVersion = 10.0.40219.1
Project("{FAE04EC0-301F-11D3-BF4B-00C04F79EFBC}") = "Task1", "Task1\Task1.csproj", "{E43F135A-6B8B-495B-A5E1-A6D9A6F6A568}"
EndProject
Project("{FAE04EC0-301F-11D3-BF4B-00C04F79EFBC}") = "Task2", "Task2\Task2.csproj", "{0BD7B15E-258B-474F-91C4-73A4F0077A99}"
EndProject
Project("{FAE04EC0-301F-11D3-BF4B-00C04F79EFBC}") = "Task3", "Task3\Task3.csproj", "{D56B8A25-2424-4AAB-94D9-C2E19A1A92CE}"
EndProject
Project("{FAE04EC0-301F-11D3-BF4B-00C04F79EFBC}") = "Task 4", "Task 4\Task 4.csproj", "{0A9C3E69-9E04-482A-9355-F747C79BEB7E}"
EndProject
Project("{FAE04EC0-301F-11D3-BF4B-00C04F79EFBC}") = "Task 4.01", "Task 4.01\Task 4.01.csproj", "{E2A31511-EE22-48E3-895B-8357B02F5E83}"
EndProject
Project("{FAE04EC0-301F-11D3-BF4B-00C04F79EFBC}") = "task 5", "task 5\task 5.csproj", "{AACB7304-802F-4920-8732-9583897DBEB4}"
EndProject
Global
	GlobalSection(SolutionConfigurationPlatforms) = preSolution
		Debug|Any CPU = Debug|Any CPU
		Release|Any CPU = Release|Any CPU
	EndGlobalSection
	GlobalSection(ProjectConfigurationPlatforms) = postSolution
		{E43F135A-6B8B-495B-A5E1-A6D9A6F6A568}.Debug|Any CPU.ActiveCfg = Debug|Any CPU
		{E43F135A-6B8B-495B-A5E1-A6D9A6F6A568}.Debug|Any CPU.Build.0 = Debug|Any CPU
		{E43F135A-6B8B-495B-A5E1-A6D9A6F6A568}.Release|Any CPU.ActiveCfg = Release|Any CPU
		{E43F135A-6B8B-495B-A5E1-A6D9A6F6A568}.Release|Any CPU.Build.0 = Release|Any CPU
		{0BD7B15E-258B-474F-91C4-73A4F0077A99}.Debug|Any CPU.ActiveCfg = Debug|Any CPU
		{0BD7B15E-258B-474F-91C4-73A4F0077A99}.Debug|Any CPU.Build.0 = Debug|Any CPU
		{0BD7B15E-258B-474F-91C4-73A4F0077A99}.Release|Any CPU.ActiveCfg = Release|Any CPU
		{0BD7B15E-258B-474F-91C4-73A4F0077A99}.Release|Any CPU.Build.0 = Release|Any CPU
		{D56B8A25-2424-4AAB-94D9-C2E19A1A92CE}.Debug|Any CPU.ActiveCfg = Debug|Any CPU
		{D56B8A25-2424-4AAB-94D9-C2E19A1A92CE}.Debug|Any CPU.Build.0 = Debug|Any CPU
		{D56B8A25-2424-4AAB-94D9-C2E19A1A92CE}.Release|Any CPU.ActiveCfg = Release|Any CPU
		{D56B8A25-2424-4AAB-94D9-C2E19A1A92CE}.Release|Any CPU.Build.0 = Release|Any CPU
		{0A9C3E69-9E04-482A-9355-F747C79BEB7E}.Debug|Any CPU.ActiveCfg = Debug|Any CPU
		{0A9C3E69-9E04-482A-9355-F747C79BEB7E}.Debug|Any CPU.Build.0 = Debug|Any CPU
		{0A9C3E69-9E04-482A-9355-F747C79BEB7E}.Release|Any CPU.ActiveCfg = Release|Any CPU
		{0A9C3E69-9E04-482A-9355-F747C79BEB7E}.Release|Any CPU.Build.0 = Release|Any CPU
		{E2A31511-EE22-48E3-895B-8357B02F5E83}.Debug|Any CPU.ActiveCfg = Debug|Any CPU
		{E2A31511-EE22-48E3-895B-8357B02F5E83}.Debug|Any CPU.Build.0 = Debug|Any CPU
		{E2A31511-EE22-48E3-895B-8357B02F5E83}.Release|Any CPU.ActiveCfg = Release|Any CPU
		{E2A31511-EE22-48E3-895B-8357B02F5E83}.Release|Any CPU.Build.0 = Release|Any CPU
		{AACB7304-802F-4920-8732-9583897DBEB4}.Debug|Any CPU.ActiveCfg = Debug|Any CPU
		{AACB7304-802F-4920-8732-9583897DBEB4}.Debug|Any CPU.Build.0 = Debug|Any CPU
		{AACB7304-802F-4920-8732-9583897DBEB4}.Release|Any CPU.ActiveCfg = Release|Any CPU
		{AACB7304-802F-4920-8732-9583897DBEB4}.Release|Any CPU.Build.0 = Release|Any CPU
	EndGlobalSection
	GlobalSection(SolutionProperties) = preSolution
		HideSolutionNode = FALSE
	EndGlobalSection
	GlobalSection(ExtensibilityGlobals) = postSolution
		SolutionGuid = {2F5AF16B-7511-47AB-BBE4-1A2264E9CA2C}
	EndGlobalSection
EndGlobal
