
Microsoft Visual Studio Solution File, Format Version 12.00
# Visual Studio 15
VisualStudioVersion = 15.0.27428.2005
MinimumVisualStudioVersion = 10.0.40219.1
Project("{FAE04EC0-301F-11D3-BF4B-00C04F79EFBC}") = "Task1", "Task1\Task1.csproj", "{9643F02C-912F-4C12-87DA-D0A77453E4B6}"
EndProject
Project("{FAE04EC0-301F-11D3-BF4B-00C04F79EFBC}") = "Task3", "Task3\Task3.csproj", "{46348AA6-F494-459C-AF70-CFEE3D1AF927}"
EndProject
Project("{FAE04EC0-301F-11D3-BF4B-00C04F79EFBC}") = "TASK_2", "TASK_2\TASK_2.csproj", "{6A844F66-7CE9-42A9-8517-047A14407F5A}"
EndProject
Global
	GlobalSection(SolutionConfigurationPlatforms) = preSolution
		Debug|Any CPU = Debug|Any CPU
		Release|Any CPU = Release|Any CPU
	EndGlobalSection
	GlobalSection(ProjectConfigurationPlatforms) = postSolution
		{9643F02C-912F-4C12-87DA-D0A77453E4B6}.Debug|Any CPU.ActiveCfg = Debug|Any CPU
		{9643F02C-912F-4C12-87DA-D0A77453E4B6}.Debug|Any CPU.Build.0 = Debug|Any CPU
		{9643F02C-912F-4C12-87DA-D0A77453E4B6}.Release|Any CPU.ActiveCfg = Release|Any CPU
		{9643F02C-912F-4C12-87DA-D0A77453E4B6}.Release|Any CPU.Build.0 = Release|Any CPU
		{46348AA6-F494-459C-AF70-CFEE3D1AF927}.Debug|Any CPU.ActiveCfg = Debug|Any CPU
		{46348AA6-F494-459C-AF70-CFEE3D1AF927}.Debug|Any CPU.Build.0 = Debug|Any CPU
		{46348AA6-F494-459C-AF70-CFEE3D1AF927}.Release|Any CPU.ActiveCfg = Release|Any CPU
		{46348AA6-F494-459C-AF70-CFEE3D1AF927}.Release|Any CPU.Build.0 = Release|Any CPU
		{6A844F66-7CE9-42A9-8517-047A14407F5A}.Debug|Any CPU.ActiveCfg = Debug|Any CPU
		{6A844F66-7CE9-42A9-8517-047A14407F5A}.Debug|Any CPU.Build.0 = Debug|Any CPU
		{6A844F66-7CE9-42A9-8517-047A14407F5A}.Release|Any CPU.ActiveCfg = Release|Any CPU
		{6A844F66-7CE9-42A9-8517-047A14407F5A}.Release|Any CPU.Build.0 = Release|Any CPU
	EndGlobalSection
	GlobalSection(SolutionProperties) = preSolution
		HideSolutionNode = FALSE
	EndGlobalSection
	GlobalSection(ExtensibilityGlobals) = postSolution
		SolutionGuid = {66D9BA72-3772-4777-9A81-8DFAF381B010}
	EndGlobalSection
EndGlobal
